# This file is autogenerated, do not edit; changes may be undone by the next 'dep ensure'.


[[projects]]
  name = "github.com/go-yaml/yaml"
  packages = ["."]
  revision = "5420a8b6744d3b0345ab293f6fcba19c978f1183"
  version = "v2.2.1"

[[projects]]
  branch = "master"
  name = "github.com/inconshreveable/go-vhost"
  packages = ["."]
  revision = "06d84117953b22058c096b49a429ebd4f3d3d97b"

[solve-meta]
  analyzer-name = "dep"
  analyzer-version = 1
  inputs-digest = "d021d493c97f102553a8ce5da6845aad50cab1a24fadb42024a0f8a0a256bc37"
  solver-name = "gps-cdcl"
  solver-version = 1
